
Microsoft Visual Studio Solution File, Format Version 12.00
# Visual Studio Version 16
VisualStudioVersion = 16.0.33027.164
MinimumVisualStudioVersion = 10.0.40219.1
Project("{2150E333-8FDC-42A3-9474-1A3956D46DE8}") = "Application", "Application", "{770F54C4-7C54-42AC-AB5D-8D117B2CF36E}"
EndProject
Project("{2150E333-8FDC-42A3-9474-1A3956D46DE8}") = "Domain", "Domain", "{A89038DC-7A20-4F11-A094-C7CA5B3A4500}"
EndProject
Project("{2150E333-8FDC-42A3-9474-1A3956D46DE8}") = "Infra.IOC", "Infra.IOC", "{A8545729-41C5-42BF-BEFB-C9B8758B1B23}"
EndProject
Project("{2150E333-8FDC-42A3-9474-1A3956D46DE8}") = "Infra.Data", "Infra.Data", "{459F1188-1818-478A-A60B-69C7EDB53B87}"
EndProject
Project("{2150E333-8FDC-42A3-9474-1A3956D46DE8}") = "Presentation", "Presentation", "{A9A0C30C-1527-4E23-BCF8-EFE6491DE260}"
EndProject
Project("{9A19103F-16F7-4668-BE54-9A1E7A4F7556}") = "CleanArch.MVC", "CleanArch.MVC\CleanArch.MVC.csproj", "{D7AEA49C-AF62-4DB5-A469-A9C3BBC745F5}"
EndProject
Project("{9A19103F-16F7-4668-BE54-9A1E7A4F7556}") = "CleanArch.Domain", "CleanArch.Domain\CleanArch.Domain.csproj", "{A8AE5784-FB03-4CC1-8757-0FA065F33845}"
EndProject
Project("{FAE04EC0-301F-11D3-BF4B-00C04F79EFBC}") = "CleanArch.Infra.Data", "CleanArch.Infra.Data\CleanArch.Infra.Data.csproj", "{4DD8EC42-B54A-4714-B40A-000C3A19CC67}"
EndProject
Project("{FAE04EC0-301F-11D3-BF4B-00C04F79EFBC}") = "CleanArch.Application", "CleanArch.Application\CleanArch.Application.csproj", "{04ECFEA4-C29E-42A3-85CB-305EF74B9A50}"
EndProject
Project("{FAE04EC0-301F-11D3-BF4B-00C04F79EFBC}") = "CleanArch.Infra.IoC", "CleanArch.Infra.IoC\CleanArch.Infra.IoC.csproj", "{DF3FE98A-418C-4E77-93E4-9ABE92444FCB}"
EndProject
Project("{2150E333-8FDC-42A3-9474-1A3956D46DE8}") = "Infra.Bus", "Infra.Bus", "{20B48564-1BFF-45E1-BEB2-F0018E9DE0D9}"
EndProject
Project("{2150E333-8FDC-42A3-9474-1A3956D46DE8}") = "Api", "Api", "{05EC3C5D-F590-4AD5-B93D-26B0F167F06F}"
EndProject
Project("{FAE04EC0-301F-11D3-BF4B-00C04F79EFBC}") = "CleanArch.Infra.Bus", "CleanArch.Infra.Bus\CleanArch.Infra.Bus.csproj", "{FDD302C0-B31D-42F0-ACC6-12E79FD50748}"
EndProject
Project("{FAE04EC0-301F-11D3-BF4B-00C04F79EFBC}") = "CleanArch.Domain.Core", "CleanArch.Domain.Core\CleanArch.Domain.Core.csproj", "{AA08966C-1353-4D43-9B2F-AEDCC0343D2F}"
EndProject
Global
	GlobalSection(SolutionConfigurationPlatforms) = preSolution
		Debug|Any CPU = Debug|Any CPU
		Release|Any CPU = Release|Any CPU
	EndGlobalSection
	GlobalSection(ProjectConfigurationPlatforms) = postSolution
		{D7AEA49C-AF62-4DB5-A469-A9C3BBC745F5}.Debug|Any CPU.ActiveCfg = Debug|Any CPU
		{D7AEA49C-AF62-4DB5-A469-A9C3BBC745F5}.Debug|Any CPU.Build.0 = Debug|Any CPU
		{D7AEA49C-AF62-4DB5-A469-A9C3BBC745F5}.Release|Any CPU.ActiveCfg = Release|Any CPU
		{D7AEA49C-AF62-4DB5-A469-A9C3BBC745F5}.Release|Any CPU.Build.0 = Release|Any CPU
		{A8AE5784-FB03-4CC1-8757-0FA065F33845}.Debug|Any CPU.ActiveCfg = Debug|Any CPU
		{A8AE5784-FB03-4CC1-8757-0FA065F33845}.Debug|Any CPU.Build.0 = Debug|Any CPU
		{A8AE5784-FB03-4CC1-8757-0FA065F33845}.Release|Any CPU.ActiveCfg = Release|Any CPU
		{A8AE5784-FB03-4CC1-8757-0FA065F33845}.Release|Any CPU.Build.0 = Release|Any CPU
		{4DD8EC42-B54A-4714-B40A-000C3A19CC67}.Debug|Any CPU.ActiveCfg = Debug|Any CPU
		{4DD8EC42-B54A-4714-B40A-000C3A19CC67}.Debug|Any CPU.Build.0 = Debug|Any CPU
		{4DD8EC42-B54A-4714-B40A-000C3A19CC67}.Release|Any CPU.ActiveCfg = Release|Any CPU
		{4DD8EC42-B54A-4714-B40A-000C3A19CC67}.Release|Any CPU.Build.0 = Release|Any CPU
		{04ECFEA4-C29E-42A3-85CB-305EF74B9A50}.Debug|Any CPU.ActiveCfg = Debug|Any CPU
		{04ECFEA4-C29E-42A3-85CB-305EF74B9A50}.Debug|Any CPU.Build.0 = Debug|Any CPU
		{04ECFEA4-C29E-42A3-85CB-305EF74B9A50}.Release|Any CPU.ActiveCfg = Release|Any CPU
		{04ECFEA4-C29E-42A3-85CB-305EF74B9A50}.Release|Any CPU.Build.0 = Release|Any CPU
		{DF3FE98A-418C-4E77-93E4-9ABE92444FCB}.Debug|Any CPU.ActiveCfg = Debug|Any CPU
		{DF3FE98A-418C-4E77-93E4-9ABE92444FCB}.Debug|Any CPU.Build.0 = Debug|Any CPU
		{DF3FE98A-418C-4E77-93E4-9ABE92444FCB}.Release|Any CPU.ActiveCfg = Release|Any CPU
		{DF3FE98A-418C-4E77-93E4-9ABE92444FCB}.Release|Any CPU.Build.0 = Release|Any CPU
		{FDD302C0-B31D-42F0-ACC6-12E79FD50748}.Debug|Any CPU.ActiveCfg = Debug|Any CPU
		{FDD302C0-B31D-42F0-ACC6-12E79FD50748}.Debug|Any CPU.Build.0 = Debug|Any CPU
		{FDD302C0-B31D-42F0-ACC6-12E79FD50748}.Release|Any CPU.ActiveCfg = Release|Any CPU
		{FDD302C0-B31D-42F0-ACC6-12E79FD50748}.Release|Any CPU.Build.0 = Release|Any CPU
		{AA08966C-1353-4D43-9B2F-AEDCC0343D2F}.Debug|Any CPU.ActiveCfg = Debug|Any CPU
		{AA08966C-1353-4D43-9B2F-AEDCC0343D2F}.Debug|Any CPU.Build.0 = Debug|Any CPU
		{AA08966C-1353-4D43-9B2F-AEDCC0343D2F}.Release|Any CPU.ActiveCfg = Release|Any CPU
		{AA08966C-1353-4D43-9B2F-AEDCC0343D2F}.Release|Any CPU.Build.0 = Release|Any CPU
	EndGlobalSection
	GlobalSection(SolutionProperties) = preSolution
		HideSolutionNode = FALSE
	EndGlobalSection
	GlobalSection(NestedProjects) = preSolution
		{D7AEA49C-AF62-4DB5-A469-A9C3BBC745F5} = {A9A0C30C-1527-4E23-BCF8-EFE6491DE260}
		{A8AE5784-FB03-4CC1-8757-0FA065F33845} = {A89038DC-7A20-4F11-A094-C7CA5B3A4500}
		{4DD8EC42-B54A-4714-B40A-000C3A19CC67} = {459F1188-1818-478A-A60B-69C7EDB53B87}
		{04ECFEA4-C29E-42A3-85CB-305EF74B9A50} = {770F54C4-7C54-42AC-AB5D-8D117B2CF36E}
		{DF3FE98A-418C-4E77-93E4-9ABE92444FCB} = {A8545729-41C5-42BF-BEFB-C9B8758B1B23}
		{FDD302C0-B31D-42F0-ACC6-12E79FD50748} = {20B48564-1BFF-45E1-BEB2-F0018E9DE0D9}
		{AA08966C-1353-4D43-9B2F-AEDCC0343D2F} = {A89038DC-7A20-4F11-A094-C7CA5B3A4500}
	EndGlobalSection
	GlobalSection(ExtensibilityGlobals) = postSolution
		SolutionGuid = {0008163F-E8EE-42D3-9C1C-0AB8E838439A}
	EndGlobalSection
EndGlobal
